
Microsoft Visual Studio Solution File, Format Version 12.00
# Visual Studio Version 16
VisualStudioVersion = 16.0.31624.102
MinimumVisualStudioVersion = 10.0.40219.1
Project("{FAE04EC0-301F-11D3-BF4B-00C04F79EFBC}") = "lehnetegelesen2", "lehnetegelesen2.csproj", "{FD8CEF82-D562-41E3-B7E9-08EC28B56F5A}"
EndProject
Global
	GlobalSection(SolutionConfigurationPlatforms) = preSolution
		Debug|Any CPU = Debug|Any CPU
		Release|Any CPU = Release|Any CPU
	EndGlobalSection
	GlobalSection(ProjectConfigurationPlatforms) = postSolution
		{FD8CEF82-D562-41E3-B7E9-08EC28B56F5A}.Debug|Any CPU.ActiveCfg = Debug|Any CPU
		{FD8CEF82-D562-41E3-B7E9-08EC28B56F5A}.Debug|Any CPU.Build.0 = Debug|Any CPU
		{FD8CEF82-D562-41E3-B7E9-08EC28B56F5A}.Release|Any CPU.ActiveCfg = Release|Any CPU
		{FD8CEF82-D562-41E3-B7E9-08EC28B56F5A}.Release|Any CPU.Build.0 = Release|Any CPU
	EndGlobalSection
	GlobalSection(SolutionProperties) = preSolution
		HideSolutionNode = FALSE
	EndGlobalSection
	GlobalSection(ExtensibilityGlobals) = postSolution
		SolutionGuid = {BCC7D58F-D57C-400D-99CD-A72A4A6D366E}
	EndGlobalSection
EndGlobal
